
Microsoft Visual Studio Solution File, Format Version 12.00
# Visual Studio Version 16
VisualStudioVersion = 16.0.34301.259
MinimumVisualStudioVersion = 10.0.40219.1
Project("{FAE04EC0-301F-11D3-BF4B-00C04F79EFBC}") = "Teszt", "Teszt\Teszt.csproj", "{73D663DD-47A1-4EEA-B83D-FBDAF3F7C2C8}"
EndProject
Project("{FAE04EC0-301F-11D3-BF4B-00C04F79EFBC}") = "Teszt_Unitteszt", "unitteszt\Teszt_Unitteszt.csproj", "{BCFF6232-2BD0-44EE-9BF2-982C2EA35823}"
EndProject
Project("{FAE04EC0-301F-11D3-BF4B-00C04F79EFBC}") = "Korhenger", "Korhenger\Korhenger.csproj", "{4D8E1FCC-F6F2-4304-8BC7-085125ACF4DF}"
EndProject
Project("{FAE04EC0-301F-11D3-BF4B-00C04F79EFBC}") = "Körhenger_unitteszt", "Körhenger_unitteszt\Körhenger_unitteszt.csproj", "{CF9A8D13-D053-470A-8DE8-DBD9EB5090C5}"
EndProject
Project("{FAE04EC0-301F-11D3-BF4B-00C04F79EFBC}") = "AtvaltOOP", "AtvaltOOP\AtvaltOOP.csproj", "{C46CCA73-9361-4D97-A338-9A33C92925D7}"
EndProject
Project("{FAE04EC0-301F-11D3-BF4B-00C04F79EFBC}") = "AtvaltOOP_UnitTeszt", "AtvaltOOP_UnitTeszt\AtvaltOOP_UnitTeszt.csproj", "{DB003C6B-9BEC-4761-8622-E5086A55879B}"
EndProject
Global
	GlobalSection(SolutionConfigurationPlatforms) = preSolution
		Debug|Any CPU = Debug|Any CPU
		Release|Any CPU = Release|Any CPU
	EndGlobalSection
	GlobalSection(ProjectConfigurationPlatforms) = postSolution
		{73D663DD-47A1-4EEA-B83D-FBDAF3F7C2C8}.Debug|Any CPU.ActiveCfg = Debug|Any CPU
		{73D663DD-47A1-4EEA-B83D-FBDAF3F7C2C8}.Debug|Any CPU.Build.0 = Debug|Any CPU
		{73D663DD-47A1-4EEA-B83D-FBDAF3F7C2C8}.Release|Any CPU.ActiveCfg = Release|Any CPU
		{73D663DD-47A1-4EEA-B83D-FBDAF3F7C2C8}.Release|Any CPU.Build.0 = Release|Any CPU
		{BCFF6232-2BD0-44EE-9BF2-982C2EA35823}.Debug|Any CPU.ActiveCfg = Debug|Any CPU
		{BCFF6232-2BD0-44EE-9BF2-982C2EA35823}.Debug|Any CPU.Build.0 = Debug|Any CPU
		{BCFF6232-2BD0-44EE-9BF2-982C2EA35823}.Release|Any CPU.ActiveCfg = Release|Any CPU
		{BCFF6232-2BD0-44EE-9BF2-982C2EA35823}.Release|Any CPU.Build.0 = Release|Any CPU
		{4D8E1FCC-F6F2-4304-8BC7-085125ACF4DF}.Debug|Any CPU.ActiveCfg = Debug|Any CPU
		{4D8E1FCC-F6F2-4304-8BC7-085125ACF4DF}.Debug|Any CPU.Build.0 = Debug|Any CPU
		{4D8E1FCC-F6F2-4304-8BC7-085125ACF4DF}.Release|Any CPU.ActiveCfg = Release|Any CPU
		{4D8E1FCC-F6F2-4304-8BC7-085125ACF4DF}.Release|Any CPU.Build.0 = Release|Any CPU
		{CF9A8D13-D053-470A-8DE8-DBD9EB5090C5}.Debug|Any CPU.ActiveCfg = Debug|Any CPU
		{CF9A8D13-D053-470A-8DE8-DBD9EB5090C5}.Debug|Any CPU.Build.0 = Debug|Any CPU
		{CF9A8D13-D053-470A-8DE8-DBD9EB5090C5}.Release|Any CPU.ActiveCfg = Release|Any CPU
		{CF9A8D13-D053-470A-8DE8-DBD9EB5090C5}.Release|Any CPU.Build.0 = Release|Any CPU
		{C46CCA73-9361-4D97-A338-9A33C92925D7}.Debug|Any CPU.ActiveCfg = Debug|Any CPU
		{C46CCA73-9361-4D97-A338-9A33C92925D7}.Debug|Any CPU.Build.0 = Debug|Any CPU
		{C46CCA73-9361-4D97-A338-9A33C92925D7}.Release|Any CPU.ActiveCfg = Release|Any CPU
		{C46CCA73-9361-4D97-A338-9A33C92925D7}.Release|Any CPU.Build.0 = Release|Any CPU
		{DB003C6B-9BEC-4761-8622-E5086A55879B}.Debug|Any CPU.ActiveCfg = Debug|Any CPU
		{DB003C6B-9BEC-4761-8622-E5086A55879B}.Debug|Any CPU.Build.0 = Debug|Any CPU
		{DB003C6B-9BEC-4761-8622-E5086A55879B}.Release|Any CPU.ActiveCfg = Release|Any CPU
		{DB003C6B-9BEC-4761-8622-E5086A55879B}.Release|Any CPU.Build.0 = Release|Any CPU
	EndGlobalSection
	GlobalSection(SolutionProperties) = preSolution
		HideSolutionNode = FALSE
	EndGlobalSection
	GlobalSection(ExtensibilityGlobals) = postSolution
		SolutionGuid = {CA8B5799-8704-4307-93FE-F08DE9012159}
	EndGlobalSection
EndGlobal
